
Microsoft Visual Studio Solution File, Format Version 12.00
# Visual Studio Version 17
VisualStudioVersion = 17.1.32319.34
MinimumVisualStudioVersion = 10.0.40219.1
Project("{9A19103F-16F7-4668-BE54-9A1E7A4F7556}") = "ATH-Hostel", "ATH-Hostel\ATH-Hostel.csproj", "{75763B5C-5ADB-4FCC-8411-C956F4323615}"
EndProject
Project("{FAE04EC0-301F-11D3-BF4B-00C04F79EFBC}") = "ATH-Hostel.Infrastructure", "ATH-Hostel.Infrastructure\ATH-Hostel.Infrastructure.csproj", "{17081B91-A420-4B45-86C3-58918C37B0E6}"
EndProject
Global
	GlobalSection(SolutionConfigurationPlatforms) = preSolution
		Debug|Any CPU = Debug|Any CPU
		Release|Any CPU = Release|Any CPU
	EndGlobalSection
	GlobalSection(ProjectConfigurationPlatforms) = postSolution
		{75763B5C-5ADB-4FCC-8411-C956F4323615}.Debug|Any CPU.ActiveCfg = Debug|Any CPU
		{75763B5C-5ADB-4FCC-8411-C956F4323615}.Debug|Any CPU.Build.0 = Debug|Any CPU
		{75763B5C-5ADB-4FCC-8411-C956F4323615}.Release|Any CPU.ActiveCfg = Release|Any CPU
		{75763B5C-5ADB-4FCC-8411-C956F4323615}.Release|Any CPU.Build.0 = Release|Any CPU
		{17081B91-A420-4B45-86C3-58918C37B0E6}.Debug|Any CPU.ActiveCfg = Debug|Any CPU
		{17081B91-A420-4B45-86C3-58918C37B0E6}.Debug|Any CPU.Build.0 = Debug|Any CPU
		{17081B91-A420-4B45-86C3-58918C37B0E6}.Release|Any CPU.ActiveCfg = Release|Any CPU
		{17081B91-A420-4B45-86C3-58918C37B0E6}.Release|Any CPU.Build.0 = Release|Any CPU
	EndGlobalSection
	GlobalSection(SolutionProperties) = preSolution
		HideSolutionNode = FALSE
	EndGlobalSection
	GlobalSection(ExtensibilityGlobals) = postSolution
		SolutionGuid = {924FF519-3E11-417E-8DD8-B5D0C765A189}
	EndGlobalSection
EndGlobal
